# THIS IS AN AUTOGENERATED FILE. DO NOT EDIT THIS FILE DIRECTLY.
# yarn lockfile v1


"@externs/preact@^1.2.9":
  version "1.2.9"
  resolved "https://registry.yarnpkg.com/@externs/preact/-/preact-1.2.9.tgz#4c7be52ca978a98f8e2a4546cafcfef33416bf9a"
  integrity sha512-txXV8G4pFzZgQXQHqhlpT2c+WHFK3cRZ4eZGI38R9+h57zu/oJXQ8CGlvDlIpWhbh8DU+S4Kf66hX0rxs5+pZA==

"@idio/idio@^1.2.3":
  version "1.2.3"
  resolved "https://registry.yarnpkg.com/@idio/idio/-/idio-1.2.3.tgz#a4ff69648ff95db683ba67660fb7dd36dc34983a"
  integrity sha512-jYQmoMigAyCxwPvJQ89F1fODL5m9DYn+QFo861E1LBI1d/cWkp4AQur2BIh9tRzrsSAXYurqSFWRNcL+rlCLYA==
  dependencies:
    mime-db "^1.43.0"
    text-decoding "^1.0.0"

"@idio/websocket@^1.0.0":
  version "1.0.0"
  resolved "https://registry.yarnpkg.com/@idio/websocket/-/websocket-1.0.0.tgz#43b02ce185f7da73104f0e3fb2d920b9c017baed"
  integrity sha512-zziQTJW5UMgXS3RELr5D6VKLRMDWJ2z4wmoXhBmA7g8XJC1C2+yjv3/XjbFMaQVD4djPvuTk7/EiMfFLaTH7tA==
  dependencies:
    erte "1.1.6"

"@lemuria/absolute-proxy@^1.0.2":
  version "1.0.2"
  resolved "https://registry.yarnpkg.com/@lemuria/absolute-proxy/-/absolute-proxy-1.0.2.tgz#e75d499398d883d96683320ed638955deb45635f"
  integrity sha512-fBG7iYvUau85Fe4aaWosnpo4re9hNMGZVCoXIox2OBfSjR4akzJk9OyNR97X+cd1w2S94as+aHr+l70kM/vaqg==

"@lemuria/font@^1.0.4":
  version "1.0.4"
  resolved "https://registry.yarnpkg.com/@lemuria/font/-/font-1.0.4.tgz#03b3c1e90b1f7beb4e981220b28fd2848a090150"
  integrity sha512-jVNgVlEdoIt30vnSOh3Oh9ye3W/WDT5gACRJ8vN03ewQOEsHD25N09UQTiZuVl02+ZW6XDNCiTUni4WlvyIZug==

"@lemuria/load-scripts@^1.2.0":
  version "1.2.0"
  resolved "https://registry.yarnpkg.com/@lemuria/load-scripts/-/load-scripts-1.2.0.tgz#3e9cc72ce00beca90c10882fe379a7a18f13a544"
  integrity sha512-DW2UrTgcBPMutFm4Tkr/OeN8iaLse17A+o/tnet72pxTRVe32esjwnpbW3Xe5mUJcRG3PmVZT9J1B3Fdj4RcFg==

"@lemuria/popup@^1.1.1":
  version "1.1.1"
  resolved "https://registry.yarnpkg.com/@lemuria/popup/-/popup-1.1.1.tgz#95fe588e83648450d140dccd333c77aff8b5c01c"
  integrity sha512-biZJo/R63BDV47xhGxwIMPSj05S1Ekv9o5EZyTyd6fTQ9rQv3y1VIPCWEZdXNwZPNpzfO8KMeAy6FOtK3cwRIQ==

"@zoroaster/assert@^1.0.2":
  version "1.0.2"
  resolved "https://registry.yarnpkg.com/@zoroaster/assert/-/assert-1.0.2.tgz#8ffe2ebb10c81d570d4965080f942af688321a1f"
  integrity sha512-5C0LDzW8DkiSSCLyYO9ux3R5ru65yEn/GtxH1wh7ukRhLAZ/Svx4+A81YvciXcn35B2VmvCqyiTrhNdxdgusSw==

"@zoroaster/mask@^2.2.0":
  version "2.3.0"
  resolved "https://registry.yarnpkg.com/@zoroaster/mask/-/mask-2.3.0.tgz#57d169417e09e481efafccbffdd93cef919ec5e6"
  integrity sha512-fufal06pS/SYhOKHCmoFQ+PjhQwsCwMr2h0D2xeiVaXstaWHJVEiLg4+BU/KCmOOzLXLKikf81ca4zFXip7ScQ==

alamode@^3.0.0, alamode@^3.3.0:
  version "3.3.0"
  resolved "https://registry.yarnpkg.com/alamode/-/alamode-3.3.0.tgz#5a73ebb8eae847934f747d67c2680698061b7bbe"
  integrity sha512-/Xi0rZ0HAyobAIi8DJQMeFF3kRrr15PGuYRwvxmQaOqSO3WJgXOsmhL6sZQuvD/okZztzujMxMA+21WOD2rYyQ==

clipboard@^2.0.0:
  version "2.0.4"
  resolved "https://registry.yarnpkg.com/clipboard/-/clipboard-2.0.4.tgz#836dafd66cf0fea5d71ce5d5b0bf6e958009112d"
  integrity sha512-Vw26VSLRpJfBofiVaFb/I8PVfdI1OxKcYShe6fm0sP/DtmiWQNCjhM/okTvdCo0G+lMMm1rMYbk4IK4x1X+kgQ==
  dependencies:
    good-listener "^1.2.2"
    select "^1.1.2"
    tiny-emitter "^2.0.0"

delegate@^3.1.2:
  version "3.2.0"
  resolved "https://registry.yarnpkg.com/delegate/-/delegate-3.2.0.tgz#b66b71c3158522e8ab5744f720d8ca0c2af59166"
  integrity sha512-IofjkYBZaZivn0V8nnsMJGBr4jVLxHDheKSW88PyxS5QC4Vo9ZbZVvhzlSxY87fVq3STR6r+4cGepyHkcWOQSw==

diff@4.0.1:
  version "4.0.1"
  resolved "https://registry.yarnpkg.com/diff/-/diff-4.0.1.tgz#0c667cb467ebbb5cea7f14f135cc2dba7780a8ff"
  integrity sha512-s2+XdvhPCOF01LRQBC8hf4vhbVmI2CGS5aZnxLJlT5FtdhPCDFq80q++zK2KlrVorVDdL5BOGZ/VfLrVtYNF+Q==

documentary@^1.35.9:
  version "1.35.9"
  resolved "https://registry.yarnpkg.com/documentary/-/documentary-1.35.9.tgz#f0003b04c4a54325198e1189f81ba88aad87e21a"
  integrity sha512-NnZvzx+429RfwgehvpSNvTXFEOR3bnrPW09TZpPxwa2QnPOdRybxoKDrluP6QoGDQslOKXrWkzSXO/lesqPsWw==
  dependencies:
    alamode "^3.3.0"
    preact "8.5.3"
    typal "^1.24.19"

dropcss@zavr-1/dropcss#743bdc8:
  version "1.0.16"
  resolved "https://codeload.github.com/zavr-1/dropcss/tar.gz/743bdc8ea155682a8519a242735cc66ebd760f77"

erte@1.1.6:
  version "1.1.6"
  resolved "https://registry.yarnpkg.com/erte/-/erte-1.1.6.tgz#78f1eade69151dde1acaa5bd3970d57ba2d45f72"
  integrity sha512-NQ6KXfFeGPM7ct2cCKVyz2K2xxM19ugXIYMzTt5eTR70KYnyK2jjZzkNf5aahZplPaBH8B68ySc6MfLO+Jdb7w==
  dependencies:
    diff "4.0.1"

good-listener@^1.2.2:
  version "1.2.2"
  resolved "https://registry.yarnpkg.com/good-listener/-/good-listener-1.2.2.tgz#d53b30cdf9313dffb7dc9a0d477096aa6d145c50"
  integrity sha1-1TswzfkxPf+33JoNR3CWqm0UXFA=
  dependencies:
    delegate "^3.1.2"

highlight.js@^9.18.0:
  version "9.18.0"
  resolved "https://registry.yarnpkg.com/highlight.js/-/highlight.js-9.18.0.tgz#6b1763cfcd53744313bd3f31f1210f7beb962c79"
  integrity sha512-A97kI1KAUzKoAiEoaGcf2O9YPS8nbDTCRFokaaeBhnqjQTvbAuAJrQMm21zw8s8xzaMtCQBtgbyGXLGxdxQyqQ==

mime-db@^1.43.0:
  version "1.43.0"
  resolved "https://registry.yarnpkg.com/mime-db/-/mime-db-1.43.0.tgz#0a12e0502650e473d735535050e7c8f4eb4fae58"
  integrity sha512-+5dsGEEovYbT8UY9yD7eE4XTc4UwJ1jBYlgaQQF38ENsKR3wj/8q8RFZrF9WIZpB2V1ArTVFUva8sAul1NzRzQ==

preact@8.5.3:
  version "8.5.3"
  resolved "https://registry.yarnpkg.com/preact/-/preact-8.5.3.tgz#78c2a5562fcecb1fed1d0055fa4ac1e27bde17c1"
  integrity sha512-O3kKP+1YdgqHOFsZF2a9JVdtqD+RPzCQc3rP+Ualf7V6rmRDchZ9MJbiGTT7LuyqFKZqlHSOyO/oMFmI2lVTsw==

prismjs@1.19.0:
  version "1.19.0"
  resolved "https://registry.yarnpkg.com/prismjs/-/prismjs-1.19.0.tgz#713afbd45c3baca4b321569f2df39e17e729d4dc"
  integrity sha512-IVFtbW9mCWm9eOIaEkNyo2Vl4NnEifis2GQ7/MLRG5TQe6t+4Sj9J5QWI9i3v+SS43uZBlCAOn+zYTVYQcPXJw==
  optionalDependencies:
    clipboard "^2.0.0"

select@^1.1.2:
  version "1.1.2"
  resolved "https://registry.yarnpkg.com/select/-/select-1.1.2.tgz#0e7350acdec80b1108528786ec1d4418d11b396d"
  integrity sha1-DnNQrN7ICxEIUoeG7B1EGNEbOW0=

splendid@^1.16.11:
  version "1.16.11"
  resolved "https://registry.yarnpkg.com/splendid/-/splendid-1.16.11.tgz#44ad3542e1a4ff08ea2764a76359ec4f0b9681b5"
  integrity sha512-8zYX9DkhbDsbDoAUE8ZVUB9gUsnZCCeyGxL1+XNBvRr1/JyPE9XxXUpp11o2XufktVgpYZNubXsTVfjTCqSZDw==
  dependencies:
    "@externs/preact" "^1.2.9"
    "@idio/idio" "^1.2.3"
    "@idio/websocket" "^1.0.0"
    "@lemuria/absolute-proxy" "^1.0.2"
    "@lemuria/font" "^1.0.4"
    "@lemuria/load-scripts" "^1.2.0"
    "@lemuria/popup" "^1.1.1"
    alamode "^3.3.0"
    dropcss zavr-1/dropcss#743bdc8
    highlight.js "^9.18.0"
    preact "8.5.3"
    prismjs "1.19.0"

text-decoding@^1.0.0:
  version "1.0.0"
  resolved "https://registry.yarnpkg.com/text-decoding/-/text-decoding-1.0.0.tgz#38a5692d23b5c2b12942d6e245599cb58b1bc52f"
  integrity sha512-/0TJD42KDnVwKmDK6jj3xP7E2MG7SHAOG4tyTgyUCRPdHwvkquYNLEQltmdMa3owq3TkddCVcTsoctJI8VQNKA==

tiny-emitter@^2.0.0:
  version "2.1.0"
  resolved "https://registry.yarnpkg.com/tiny-emitter/-/tiny-emitter-2.1.0.tgz#1d1a56edfc51c43e863cbb5382a72330e3555423"
  integrity sha512-NB6Dk1A9xgQPMoGqC5CVXn123gWyte215ONT5Pp5a0yt4nlEoO1ZWeCwpncaekPHXO60i47ihFnZPiRPjRMq4Q==

typal@^1.24.19:
  version "1.26.0"
  resolved "https://registry.yarnpkg.com/typal/-/typal-1.26.0.tgz#72d0a3cb11795fd29397cdbc1aa7cff14e696406"
  integrity sha512-zmONxk2RvezXI0AKOa74yw9Ac5OvHNItlhThbcUtmi+MErbyi8uHh7mwf8bG2E1mB6MEJ1FQtwf0NBVPe4TVUg==

zoroaster@^4.1.2:
  version "4.1.2"
  resolved "https://registry.yarnpkg.com/zoroaster/-/zoroaster-4.1.2.tgz#89e033cdeebf75564713436bd7e72af926e800fb"
  integrity sha512-mE5RlV12h5bEZ4LBX0NsR5NEwNicLR6kdwXMijWD8vH+8JmbtXuC664ndzsw46lnhmn2VWlafyBi5k/MMCmftA==
  dependencies:
    "@zoroaster/assert" "^1.0.2"
    "@zoroaster/mask" "^2.2.0"
    alamode "^3.0.0"
